// !$*UTF8*$!
{
	archiveVersion = 1;
	classes = {
	};
	objectVersion = 46;
	objects = {

/* Begin PBXBuildFile section */
		E1FFD6FA1ED88B730086B282 /* AppDelegate.swift in Sources */ = {isa = PBXBuildFile; fileRef = E1FFD6F91ED88B730086B282 /* AppDelegate.swift */; };
		E1FFD6FC1ED88B730086B282 /* ViewController.swift in Sources */ = {isa = PBXBuildFile; fileRef = E1FFD6FB1ED88B730086B282 /* ViewController.swift */; };
		E1FFD6FF1ED88B730086B282 /* Main.storyboard in Resources */ = {isa = PBXBuildFile; fileRef = E1FFD6FD1ED88B730086B282 /* Main.storyboard */; };
		E1FFD7011ED88B730086B282 /* Assets.xcassets in Resources */ = {isa = PBXBuildFile; fileRef = E1FFD7001ED88B730086B282 /* Assets.xcassets */; };
		E1FFD7041ED88B730086B282 /* LaunchScreen.storyboard in Resources */ = {isa = PBXBuildFile; fileRef = E1FFD7021ED88B730086B282 /* LaunchScreen.storyboard */; };
		E1FFD7131ED88C4D0086B282 /* postModel.swift in Sources */ = {isa = PBXBuildFile; fileRef = E1FFD7121ED88C4D0086B282 /* postModel.swift */; };
		E1FFD7151ED88C5F0086B282 /* postCommentModel.swift in Sources */ = {isa = PBXBuildFile; fileRef = E1FFD7141ED88C5F0086B282 /* postCommentModel.swift */; };
		E1FFD7171ED88C710086B282 /* postLikeModel.swift in Sources */ = {isa = PBXBuildFile; fileRef = E1FFD7161ED88C710086B282 /* postLikeModel.swift */; };
		E1FFD7191ED88CA10086B282 /* eventModel.swift in Sources */ = {isa = PBXBuildFile; fileRef = E1FFD7181ED88CA10086B282 /* eventModel.swift */; };
		E1FFD71B1ED88CAF0086B282 /* roomModel.swift in Sources */ = {isa = PBXBuildFile; fileRef = E1FFD71A1ED88CAF0086B282 /* roomModel.swift */; };
		E1FFD71D1ED88CC60086B282 /* userModel.swift in Sources */ = {isa = PBXBuildFile; fileRef = E1FFD71C1ED88CC60086B282 /* userModel.swift */; };
		E1FFD71F1ED88CF80086B282 /* reservationModel.swift in Sources */ = {isa = PBXBuildFile; fileRef = E1FFD71E1ED88CF80086B282 /* reservationModel.swift */; };
		E1FFD7211ED88D2E0086B282 /* eventStatusModel.swift in Sources */ = {isa = PBXBuildFile; fileRef = E1FFD7201ED88D2E0086B282 /* eventStatusModel.swift */; };
		E1FFD7251ED88E980086B282 /* WebService.swift in Sources */ = {isa = PBXBuildFile; fileRef = E1FFD7221ED88E980086B282 /* WebService.swift */; };
		E1FFD7261ED88E980086B282 /* spaceAPI.swift in Sources */ = {isa = PBXBuildFile; fileRef = E1FFD7231ED88E980086B282 /* spaceAPI.swift */; };
		E1FFD7271ED88E980086B282 /* Protocols.swift in Sources */ = {isa = PBXBuildFile; fileRef = E1FFD7241ED88E980086B282 /* Protocols.swift */; };
/* End PBXBuildFile section */

/* Begin PBXFileReference section */
		E1FFD6F61ED88B730086B282 /* Space.app */ = {isa = PBXFileReference; explicitFileType = wrapper.application; includeInIndex = 0; path = Space.app; sourceTree = BUILT_PRODUCTS_DIR; };
		E1FFD6F91ED88B730086B282 /* AppDelegate.swift */ = {isa = PBXFileReference; lastKnownFileType = sourcecode.swift; path = AppDelegate.swift; sourceTree = "<group>"; };
		E1FFD6FB1ED88B730086B282 /* ViewController.swift */ = {isa = PBXFileReference; lastKnownFileType = sourcecode.swift; path = ViewController.swift; sourceTree = "<group>"; };
		E1FFD6FE1ED88B730086B282 /* Base */ = {isa = PBXFileReference; lastKnownFileType = file.storyboard; name = Base; path = Base.lproj/Main.storyboard; sourceTree = "<group>"; };
		E1FFD7001ED88B730086B282 /* Assets.xcassets */ = {isa = PBXFileReference; lastKnownFileType = folder.assetcatalog; path = Assets.xcassets; sourceTree = "<group>"; };
		E1FFD7031ED88B730086B282 /* Base */ = {isa = PBXFileReference; lastKnownFileType = file.storyboard; name = Base; path = Base.lproj/LaunchScreen.storyboard; sourceTree = "<group>"; };
		E1FFD7051ED88B730086B282 /* Info.plist */ = {isa = PBXFileReference; lastKnownFileType = text.plist.xml; path = Info.plist; sourceTree = "<group>"; };
		E1FFD7121ED88C4D0086B282 /* postModel.swift */ = {isa = PBXFileReference; fileEncoding = 4; lastKnownFileType = sourcecode.swift; path = postModel.swift; sourceTree = "<group>"; };
		E1FFD7141ED88C5F0086B282 /* postCommentModel.swift */ = {isa = PBXFileReference; fileEncoding = 4; lastKnownFileType = sourcecode.swift; path = postCommentModel.swift; sourceTree = "<group>"; };
		E1FFD7161ED88C710086B282 /* postLikeModel.swift */ = {isa = PBXFileReference; fileEncoding = 4; lastKnownFileType = sourcecode.swift; path = postLikeModel.swift; sourceTree = "<group>"; };
		E1FFD7181ED88CA10086B282 /* eventModel.swift */ = {isa = PBXFileReference; fileEncoding = 4; lastKnownFileType = sourcecode.swift; path = eventModel.swift; sourceTree = "<group>"; };
		E1FFD71A1ED88CAF0086B282 /* roomModel.swift */ = {isa = PBXFileReference; fileEncoding = 4; lastKnownFileType = sourcecode.swift; path = roomModel.swift; sourceTree = "<group>"; };
		E1FFD71C1ED88CC60086B282 /* userModel.swift */ = {isa = PBXFileReference; fileEncoding = 4; lastKnownFileType = sourcecode.swift; path = userModel.swift; sourceTree = "<group>"; };
		E1FFD71E1ED88CF80086B282 /* reservationModel.swift */ = {isa = PBXFileReference; fileEncoding = 4; lastKnownFileType = sourcecode.swift; path = reservationModel.swift; sourceTree = "<group>"; };
		E1FFD7201ED88D2E0086B282 /* eventStatusModel.swift */ = {isa = PBXFileReference; fileEncoding = 4; lastKnownFileType = sourcecode.swift; path = eventStatusModel.swift; sourceTree = "<group>"; };
		E1FFD7221ED88E980086B282 /* WebService.swift */ = {isa = PBXFileReference; fileEncoding = 4; lastKnownFileType = sourcecode.swift; path = WebService.swift; sourceTree = "<group>"; };
		E1FFD7231ED88E980086B282 /* spaceAPI.swift */ = {isa = PBXFileReference; fileEncoding = 4; lastKnownFileType = sourcecode.swift; path = spaceAPI.swift; sourceTree = "<group>"; };
		E1FFD7241ED88E980086B282 /* Protocols.swift */ = {isa = PBXFileReference; fileEncoding = 4; lastKnownFileType = sourcecode.swift; path = Protocols.swift; sourceTree = "<group>"; };
/* End PBXFileReference section */

/* Begin PBXFrameworksBuildPhase section */
		E1FFD6F31ED88B730086B282 /* Frameworks */ = {
			isa = PBXFrameworksBuildPhase;
			buildActionMask = 2147483647;
			files = (
			);
			runOnlyForDeploymentPostprocessing = 0;
		};
/* End PBXFrameworksBuildPhase section */

/* Begin PBXGroup section */
		E1FFD6ED1ED88B730086B282 = {
			isa = PBXGroup;
			children = (
				E1FFD6F81ED88B730086B282 /* Space */,
				E1FFD6F71ED88B730086B282 /* Products */,
			);
			sourceTree = "<group>";
		};
		E1FFD6F71ED88B730086B282 /* Products */ = {
			isa = PBXGroup;
			children = (
				E1FFD6F61ED88B730086B282 /* Space.app */,
			);
			name = Products;
			sourceTree = "<group>";
		};
		E1FFD6F81ED88B730086B282 /* Space */ = {
			isa = PBXGroup;
			children = (
				E1FFD7111ED88BFF0086B282 /* ItemsXIB */,
				E1FFD7101ED88BEE0086B282 /* ViewControllers */,
				E1FFD70E1ED88BA40086B282 /* Models */,
				E1FFD70D1ED88B9A0086B282 /* Util */,
				E1FFD70C1ED88B910086B282 /* ItemViews */,
				E1FFD70B1ED88B880086B282 /* Network */,
				E1FFD6F91ED88B730086B282 /* AppDelegate.swift */,
				E1FFD6FD1ED88B730086B282 /* Main.storyboard */,
				E1FFD7001ED88B730086B282 /* Assets.xcassets */,
				E1FFD7021ED88B730086B282 /* LaunchScreen.storyboard */,
				E1FFD7051ED88B730086B282 /* Info.plist */,
			);
			path = Space;
			sourceTree = "<group>";
		};
		E1FFD70B1ED88B880086B282 /* Network */ = {
			isa = PBXGroup;
			children = (
				E1FFD7221ED88E980086B282 /* WebService.swift */,
				E1FFD7231ED88E980086B282 /* spaceAPI.swift */,
			);
			name = Network;
			sourceTree = "<group>";
		};
		E1FFD70C1ED88B910086B282 /* ItemViews */ = {
			isa = PBXGroup;
			children = (
			);
			name = ItemViews;
			sourceTree = "<group>";
		};
		E1FFD70D1ED88B9A0086B282 /* Util */ = {
			isa = PBXGroup;
			children = (
				E1FFD7241ED88E980086B282 /* Protocols.swift */,
			);
			name = Util;
			sourceTree = "<group>";
		};
		E1FFD70E1ED88BA40086B282 /* Models */ = {
			isa = PBXGroup;
			children = (
				E1FFD7121ED88C4D0086B282 /* postModel.swift */,
				E1FFD7141ED88C5F0086B282 /* postCommentModel.swift */,
				E1FFD7161ED88C710086B282 /* postLikeModel.swift */,
				E1FFD7181ED88CA10086B282 /* eventModel.swift */,
				E1FFD71A1ED88CAF0086B282 /* roomModel.swift */,
				E1FFD71C1ED88CC60086B282 /* userModel.swift */,
				E1FFD71E1ED88CF80086B282 /* reservationModel.swift */,
				E1FFD7201ED88D2E0086B282 /* eventStatusModel.swift */,
			);
			name = Models;
			sourceTree = "<group>";
		};
		E1FFD7101ED88BEE0086B282 /* ViewControllers */ = {
			isa = PBXGroup;
			children = (
				E1FFD6FB1ED88B730086B282 /* ViewController.swift */,
			);
			name = ViewControllers;
			sourceTree = "<group>";
		};
		E1FFD7111ED88BFF0086B282 /* ItemsXIB */ = {
			isa = PBXGroup;
			children = (
			);
			name = ItemsXIB;
			sourceTree = "<group>";
		};
/* End PBXGroup section */

/* Begin PBXNativeTarget section */
		E1FFD6F51ED88B730086B282 /* Space */ = {
			isa = PBXNativeTarget;
			buildConfigurationList = E1FFD7081ED88B740086B282 /* Build configuration list for PBXNativeTarget "Space" */;
			buildPhases = (
				E1FFD6F21ED88B730086B282 /* Sources */,
				E1FFD6F31ED88B730086B282 /* Frameworks */,
				E1FFD6F41ED88B730086B282 /* Resources */,
			);
			buildRules = (
			);
			dependencies = (
			);
			name = Space;
			productName = Space;
			productReference = E1FFD6F61ED88B730086B282 /* Space.app */;
			productType = "com.apple.product-type.application";
		};
/* End PBXNativeTarget section */

/* Begin PBXProject section */
		E1FFD6EE1ED88B730086B282 /* Project object */ = {
			isa = PBXProject;
			attributes = {
				LastSwiftUpdateCheck = 0830;
				LastUpgradeCheck = 0830;
				ORGANIZATIONNAME = "Omar ElDardear";
				TargetAttributes = {
					E1FFD6F51ED88B730086B282 = {
						CreatedOnToolsVersion = 8.3;
						ProvisioningStyle = Automatic;
					};
				};
			};
			buildConfigurationList = E1FFD6F11ED88B730086B282 /* Build configuration list for PBXProject "Space" */;
			compatibilityVersion = "Xcode 3.2";
			developmentRegion = English;
			hasScannedForEncodings = 0;
			knownRegions = (
				en,
				Base,
			);
			mainGroup = E1FFD6ED1ED88B730086B282;
			productRefGroup = E1FFD6F71ED88B730086B282 /* Products */;
			projectDirPath = "";
			projectRoot = "";
			targets = (
				E1FFD6F51ED88B730086B282 /* Space */,
			);
		};
/* End PBXProject section */

/* Begin PBXResourcesBuildPhase section */
		E1FFD6F41ED88B730086B282 /* Resources */ = {
			isa = PBXResourcesBuildPhase;
			buildActionMask = 2147483647;
			files = (
				E1FFD7041ED88B730086B282 /* LaunchScreen.storyboard in Resources */,
				E1FFD7011ED88B730086B282 /* Assets.xcassets in Resources */,
				E1FFD6FF1ED88B730086B282 /* Main.storyboard in Resources */,
			);
			runOnlyForDeploymentPostprocessing = 0;
		};
/* End PBXResourcesBuildPhase section */

/* Begin PBXSourcesBuildPhase section */
		E1FFD6F21ED88B730086B282 /* Sources */ = {
			isa = PBXSourcesBuildPhase;
			buildActionMask = 2147483647;
			files = (
				E1FFD7261ED88E980086B282 /* spaceAPI.swift in Sources */,
				E1FFD7251ED88E980086B282 /* WebService.swift in Sources */,
				E1FFD7191ED88CA10086B282 /* eventModel.swift in Sources */,
				E1FFD7151ED88C5F0086B282 /* postCommentModel.swift in Sources */,
				E1FFD7211ED88D2E0086B282 /* eventStatusModel.swift in Sources */,
				E1FFD6FC1ED88B730086B282 /* ViewController.swift in Sources */,
				E1FFD6FA1ED88B730086B282 /* AppDelegate.swift in Sources */,
				E1FFD71F1ED88CF80086B282 /* reservationModel.swift in Sources */,
				E1FFD7171ED88C710086B282 /* postLikeModel.swift in Sources */,
				E1FFD7271ED88E980086B282 /* Protocols.swift in Sources */,
				E1FFD7131ED88C4D0086B282 /* postModel.swift in Sources */,
				E1FFD71B1ED88CAF0086B282 /* roomModel.swift in Sources */,
				E1FFD71D1ED88CC60086B282 /* userModel.swift in Sources */,
			);
			runOnlyForDeploymentPostprocessing = 0;
		};
/* End PBXSourcesBuildPhase section */

/* Begin PBXVariantGroup section */
		E1FFD6FD1ED88B730086B282 /* Main.storyboard */ = {
			isa = PBXVariantGroup;
			children = (
				E1FFD6FE1ED88B730086B282 /* Base */,
			);
			name = Main.storyboard;
			sourceTree = "<group>";
		};
		E1FFD7021ED88B730086B282 /* LaunchScreen.storyboard */ = {
			isa = PBXVariantGroup;
			children = (
				E1FFD7031ED88B730086B282 /* Base */,
			);
			name = LaunchScreen.storyboard;
			sourceTree = "<group>";
		};
/* End PBXVariantGroup section */

/* Begin XCBuildConfiguration section */
		E1FFD7061ED88B740086B282 /* Debug */ = {
			isa = XCBuildConfiguration;
			buildSettings = {
				ALWAYS_SEARCH_USER_PATHS = NO;
				CLANG_ANALYZER_NONNULL = YES;
				CLANG_ANALYZER_NUMBER_OBJECT_CONVERSION = YES_AGGRESSIVE;
				CLANG_CXX_LANGUAGE_STANDARD = "gnu++0x";
				CLANG_CXX_LIBRARY = "libc++";
				CLANG_ENABLE_MODULES = YES;
				CLANG_ENABLE_OBJC_ARC = YES;
				CLANG_WARN_BOOL_CONVERSION = YES;
				CLANG_WARN_CONSTANT_CONVERSION = YES;
				CLANG_WARN_DIRECT_OBJC_ISA_USAGE = YES_ERROR;
				CLANG_WARN_DOCUMENTATION_COMMENTS = YES;
				CLANG_WARN_EMPTY_BODY = YES;
				CLANG_WARN_ENUM_CONVERSION = YES;
				CLANG_WARN_INFINITE_RECURSION = YES;
				CLANG_WARN_INT_CONVERSION = YES;
				CLANG_WARN_OBJC_ROOT_CLASS = YES_ERROR;
				CLANG_WARN_SUSPICIOUS_MOVE = YES;
				CLANG_WARN_UNREACHABLE_CODE = YES;
				CLANG_WARN__DUPLICATE_METHOD_MATCH = YES;
				"CODE_SIGN_IDENTITY[sdk=iphoneos*]" = "iPhone Developer";
				COPY_PHASE_STRIP = NO;
				DEBUG_INFORMATION_FORMAT = dwarf;
				ENABLE_STRICT_OBJC_MSGSEND = YES;
				ENABLE_TESTABILITY = YES;
				GCC_C_LANGUAGE_STANDARD = gnu99;
				GCC_DYNAMIC_NO_PIC = NO;
				GCC_NO_COMMON_BLOCKS = YES;
				GCC_OPTIMIZATION_LEVEL = 0;
				GCC_PREPROCESSOR_DEFINITIONS = (
					"DEBUG=1",
					"$(inherited)",
				);
				GCC_WARN_64_TO_32_BIT_CONVERSION = YES;
				GCC_WARN_ABOUT_RETURN_TYPE = YES_ERROR;
				GCC_WARN_UNDECLARED_SELECTOR = YES;
				GCC_WARN_UNINITIALIZED_AUTOS = YES_AGGRESSIVE;
				GCC_WARN_UNUSED_FUNCTION = YES;
				GCC_WARN_UNUSED_VARIABLE = YES;
				IPHONEOS_DEPLOYMENT_TARGET = 10.3;
				MTL_ENABLE_DEBUG_INFO = YES;
				ONLY_ACTIVE_ARCH = YES;
				SDKROOT = iphoneos;
				SWIFT_ACTIVE_COMPILATION_CONDITIONS = DEBUG;
				SWIFT_OPTIMIZATION_LEVEL = "-Onone";
				TARGETED_DEVICE_FAMILY = "1,2";
			};
			name = Debug;
		};
		E1FFD7071ED88B740086B282 /* Release */ = {
			isa = XCBuildConfiguration;
			buildSettings = {
				ALWAYS_SEARCH_USER_PATHS = NO;
				CLANG_ANALYZER_NONNULL = YES;
				CLANG_ANALYZER_NUMBER_OBJECT_CONVERSION = YES_AGGRESSIVE;
				CLANG_CXX_LANGUAGE_STANDARD = "gnu++0x";
				CLANG_CXX_LIBRARY = "libc++";
				CLANG_ENABLE_MODULES = YES;
				CLANG_ENABLE_OBJC_ARC = YES;
				CLANG_WARN_BOOL_CONVERSION = YES;
				CLANG_WARN_CONSTANT_CONVERSION = YES;
				CLANG_WARN_DIRECT_OBJC_ISA_USAGE = YES_ERROR;
				CLANG_WARN_DOCUMENTATION_COMMENTS = YES;
				CLANG_WARN_EMPTY_BODY = YES;
				CLANG_WARN_ENUM_CONVERSION = YES;
				CLANG_WARN_INFINITE_RECURSION = YES;
				CLANG_WARN_INT_CONVERSION = YES;
				CLANG_WARN_OBJC_ROOT_CLASS = YES_ERROR;
				CLANG_WARN_SUSPICIOUS_MOVE = YES;
				CLANG_WARN_UNREACHABLE_CODE = YES;
				CLANG_WARN__DUPLICATE_METHOD_MATCH = YES;
				"CODE_SIGN_IDENTITY[sdk=iphoneos*]" = "iPhone Developer";
				COPY_PHASE_STRIP = NO;
				DEBUG_INFORMATION_FORMAT = "dwarf-with-dsym";
				ENABLE_NS_ASSERTIONS = NO;
				ENABLE_STRICT_OBJC_MSGSEND = YES;
				GCC_C_LANGUAGE_STANDARD = gnu99;
				GCC_NO_COMMON_BLOCKS = YES;
				GCC_WARN_64_TO_32_BIT_CONVERSION = YES;
				GCC_WARN_ABOUT_RETURN_TYPE = YES_ERROR;
				GCC_WARN_UNDECLARED_SELECTOR = YES;
				GCC_WARN_UNINITIALIZED_AUTOS = YES_AGGRESSIVE;
				GCC_WARN_UNUSED_FUNCTION = YES;
				GCC_WARN_UNUSED_VARIABLE = YES;
				IPHONEOS_DEPLOYMENT_TARGET = 10.3;
				MTL_ENABLE_DEBUG_INFO = NO;
				SDKROOT = iphoneos;
				SWIFT_OPTIMIZATION_LEVEL = "-Owholemodule";
				TARGETED_DEVICE_FAMILY = "1,2";
				VALIDATE_PRODUCT = YES;
			};
			name = Release;
		};
		E1FFD7091ED88B740086B282 /* Debug */ = {
			isa = XCBuildConfiguration;
			buildSettings = {
				ASSETCATALOG_COMPILER_APPICON_NAME = AppIcon;
				INFOPLIST_FILE = Space/Info.plist;
				LD_RUNPATH_SEARCH_PATHS = "$(inherited) @executable_path/Frameworks";
				PRODUCT_BUNDLE_IDENTIFIER = com.omareldardear.Space;
				PRODUCT_NAME = "$(TARGET_NAME)";
				SWIFT_VERSION = 3.0;
			};
			name = Debug;
		};
		E1FFD70A1ED88B740086B282 /* Release */ = {
			isa = XCBuildConfiguration;
			buildSettings = {
				ASSETCATALOG_COMPILER_APPICON_NAME = AppIcon;
				INFOPLIST_FILE = Space/Info.plist;
				LD_RUNPATH_SEARCH_PATHS = "$(inherited) @executable_path/Frameworks";
				PRODUCT_BUNDLE_IDENTIFIER = com.omareldardear.Space;
				PRODUCT_NAME = "$(TARGET_NAME)";
				SWIFT_VERSION = 3.0;
			};
			name = Release;
		};
/* End XCBuildConfiguration section */

/* Begin XCConfigurationList section */
		E1FFD6F11ED88B730086B282 /* Build configuration list for PBXProject "Space" */ = {
			isa = XCConfigurationList;
			buildConfigurations = (
				E1FFD7061ED88B740086B282 /* Debug */,
				E1FFD7071ED88B740086B282 /* Release */,
			);
			defaultConfigurationIsVisible = 0;
			defaultConfigurationName = Release;
		};
		E1FFD7081ED88B740086B282 /* Build configuration list for PBXNativeTarget "Space" */ = {
			isa = XCConfigurationList;
			buildConfigurations = (
				E1FFD7091ED88B740086B282 /* Debug */,
				E1FFD70A1ED88B740086B282 /* Release */,
			);
			defaultConfigurationIsVisible = 0;
		};
/* End XCConfigurationList section */
	};
	rootObject = E1FFD6EE1ED88B730086B282 /* Project object */;
}
